
Microsoft Visual Studio Solution File, Format Version 12.00
# Visual Studio Version 17
VisualStudioVersion = 17.11.35327.3
MinimumVisualStudioVersion = 10.0.40219.1
Project("{FAE04EC0-301F-11D3-BF4B-00C04F79EFBC}") = "schooll", "schooll\schooll.csproj", "{F4BCCBF2-235D-419F-B5EA-1B1EAB458F08}"
EndProject
Global
	GlobalSection(SolutionConfigurationPlatforms) = preSolution
		Debug|Any CPU = Debug|Any CPU
		Release|Any CPU = Release|Any CPU
	EndGlobalSection
	GlobalSection(ProjectConfigurationPlatforms) = postSolution
		{F4BCCBF2-235D-419F-B5EA-1B1EAB458F08}.Debug|Any CPU.ActiveCfg = Debug|Any CPU
		{F4BCCBF2-235D-419F-B5EA-1B1EAB458F08}.Debug|Any CPU.Build.0 = Debug|Any CPU
		{F4BCCBF2-235D-419F-B5EA-1B1EAB458F08}.Release|Any CPU.ActiveCfg = Release|Any CPU
		{F4BCCBF2-235D-419F-B5EA-1B1EAB458F08}.Release|Any CPU.Build.0 = Release|Any CPU
	EndGlobalSection
	GlobalSection(SolutionProperties) = preSolution
		HideSolutionNode = FALSE
	EndGlobalSection
	GlobalSection(ExtensibilityGlobals) = postSolution
		SolutionGuid = {2381B5FC-006F-4AEA-A79D-D431E0A1763B}
	EndGlobalSection
EndGlobal
